<?xml version="1.0" encoding="utf-8"?>
<Project ToolsVersion="4.0" xmlns="http://schemas.microsoft.com/developer/msbuild/2003">
  <ItemGroup>
    <ClCompile Include="src\main.cpp">
      <Filter>src</Filter>
    </ClCompile>
    <ClCompile Include="src\MainWindow.cpp">
      <Filter>src</Filter>
    </ClCompile>
    <ClCompile Include="src\RaylibView.cpp">
      <Filter>src</Filter>
    </ClCompile>
  </ItemGroup>
  <ItemGroup>
    <QtMoc Include="include\MainWindow.h">
      <Filter>include</Filter>
    </QtMoc>
    <QtMoc Include="include\RaylibView.h">
      <Filter>include</Filter>
    </QtMoc>
  </ItemGroup>
  <ItemGroup>
    <Filter Include="src">
      <UniqueIdentifier>{7cdd1f68-50fe-46bc-94ff-4ccc31802ba2}</UniqueIdentifier>
    </Filter>
    <Filter Include="cuda">
      <UniqueIdentifier>{65e2e47c-30b1-4eb1-a6fd-69d7b543645a}</UniqueIdentifier>
    </Filter>
    <Filter Include="ui">
      <UniqueIdentifier>{53437cd2-634e-4568-b68d-cf044f0b35f4}</UniqueIdentifier>
    </Filter>
    <Filter Include="include">
      <UniqueIdentifier>{eff2686b-db8b-4b3d-ac82-ceb35f416e89}</UniqueIdentifier>
    </Filter>
  </ItemGroup>
  <ItemGroup>
    <CudaCompile Include="cuda\kernel.cu">
      <Filter>cuda</Filter>
    </CudaCompile>
  </ItemGroup>
  <ItemGroup>
    <QtUic Include="ui\MainWindow.ui">
      <Filter>ui</Filter>
    </QtUic>
  </ItemGroup>
  <ItemGroup>
    <ClInclude Include="include\cuda_api.h">
      <Filter>include</Filter>
    </ClInclude>
  </ItemGroup>
</Project>