<?xml version="1.0" encoding="utf-8"?>
<Project ToolsVersion="4.0" xmlns="http://schemas.microsoft.com/developer/msbuild/2003">
  <ItemGroup>
    <Filter Include="src">
      <UniqueIdentifier>{094eb054-8fab-4e27-a06b-4d577ac87ea2}</UniqueIdentifier>
    </Filter>
    <Filter Include="include">
      <UniqueIdentifier>{e20a4b87-cfae-4479-afe8-b555a8cb0ed7}</UniqueIdentifier>
    </Filter>
    <Filter Include="cuda">
      <UniqueIdentifier>{57236290-adaa-4138-8c1f-5f6cdf08a06c}</UniqueIdentifier>
    </Filter>
    <Filter Include="ui">
      <UniqueIdentifier>{83c77a57-d3ed-40b0-a6b0-65eb1f559ed8}</UniqueIdentifier>
    </Filter>
    <Filter Include="resources">
      <UniqueIdentifier>{967bb767-1025-4db1-abe3-d144419fc80f}</UniqueIdentifier>
    </Filter>
  </ItemGroup>
  <ItemGroup>
    <CudaCompile Include="cuda\kernel.cu">
      <Filter>cuda</Filter>
    </CudaCompile>
  </ItemGroup>
  <ItemGroup>
    <ClInclude Include="include\cuda_api.h">
      <Filter>include</Filter>
    </ClInclude>
  </ItemGroup>
  <ItemGroup>
    <QtMoc Include="include\MainWindow.h">
      <Filter>include</Filter>
    </QtMoc>
    <QtMoc Include="include\RaylibView.h">
      <Filter>include</Filter>
    </QtMoc>
  </ItemGroup>
  <ItemGroup>
    <ClCompile Include="src\main.cpp">
      <Filter>src</Filter>
    </ClCompile>
    <ClCompile Include="src\MainWindow.cpp">
      <Filter>src</Filter>
    </ClCompile>
    <ClCompile Include="src\RaylibView.cpp">
      <Filter>src</Filter>
    </ClCompile>
  </ItemGroup>
  <ItemGroup>
    <QtUic Include="ui\MainWindow.ui">
      <Filter>ui</Filter>
    </QtUic>
  </ItemGroup>
</Project>